
Microsoft Visual Studio Solution File, Format Version 12.00
# Visual Studio Version 16
VisualStudioVersion = 16.0.31205.134
MinimumVisualStudioVersion = 10.0.40219.1
Project("{B1E792BE-AA5F-4E3C-8C82-674BF9C0715B}") = "TwinCAT Project1", "TwinCAT Project1\TwinCAT Project1.tsproj", "{E3D5D5FF-D512-43FF-A168-EE0BF698E7E4}"
EndProject
Project("{FE7A1B72-C5B7-4D7C-BB7D-76384D4DE8E1}") = "TcHmiProject1", "TcHmiProject1\TcHmiProject1.hmiproj", "{EFC76831-9A75-433D-BFA2-2A97025E4DBC}"
EndProject
Project("{FAE04EC0-301F-11D3-BF4B-00C04F79EFBC}") = "TwinCATConsole", "ConsoleApp1\TwinCATConsole.csproj", "{51EB9A9B-50D2-48A0-9F9D-B42980E94ABE}"
EndProject
Project("{FAE04EC0-301F-11D3-BF4B-00C04F79EFBC}") = "TwinCAT", "TwinCAT\TwinCAT.csproj", "{F56C1919-0FC2-460E-98F7-A1619139A6E4}"
EndProject
Project("{2150E333-8FDC-42A3-9474-1A3956D46DE8}") = "Solution Items", "Solution Items", "{D8602A2D-C12A-4779-99E5-41A52F7AE8A6}"
EndProject
Global
	GlobalSection(SolutionConfigurationPlatforms) = preSolution
		Debug|Any CPU = Debug|Any CPU
		Debug|TwinCAT CE7 (ARMV7) = Debug|TwinCAT CE7 (ARMV7)
		Debug|TwinCAT HMI = Debug|TwinCAT HMI
		Debug|TwinCAT OS (ARMT2) = Debug|TwinCAT OS (ARMT2)
		Debug|TwinCAT RT (x64) = Debug|TwinCAT RT (x64)
		Debug|TwinCAT RT (x86) = Debug|TwinCAT RT (x86)
		Release|Any CPU = Release|Any CPU
		Release|TwinCAT CE7 (ARMV7) = Release|TwinCAT CE7 (ARMV7)
		Release|TwinCAT HMI = Release|TwinCAT HMI
		Release|TwinCAT OS (ARMT2) = Release|TwinCAT OS (ARMT2)
		Release|TwinCAT RT (x64) = Release|TwinCAT RT (x64)
		Release|TwinCAT RT (x86) = Release|TwinCAT RT (x86)
	EndGlobalSection
	GlobalSection(ProjectConfigurationPlatforms) = postSolution
		{E3D5D5FF-D512-43FF-A168-EE0BF698E7E4}.Debug|Any CPU.ActiveCfg = Debug|TwinCAT RT (x86)
		{E3D5D5FF-D512-43FF-A168-EE0BF698E7E4}.Debug|TwinCAT CE7 (ARMV7).ActiveCfg = Debug|TwinCAT CE7 (ARMV7)
		{E3D5D5FF-D512-43FF-A168-EE0BF698E7E4}.Debug|TwinCAT CE7 (ARMV7).Build.0 = Debug|TwinCAT CE7 (ARMV7)
		{E3D5D5FF-D512-43FF-A168-EE0BF698E7E4}.Debug|TwinCAT HMI.ActiveCfg = Debug|TwinCAT RT (x86)
		{E3D5D5FF-D512-43FF-A168-EE0BF698E7E4}.Debug|TwinCAT OS (ARMT2).ActiveCfg = Debug|TwinCAT OS (ARMT2)
		{E3D5D5FF-D512-43FF-A168-EE0BF698E7E4}.Debug|TwinCAT OS (ARMT2).Build.0 = Debug|TwinCAT OS (ARMT2)
		{E3D5D5FF-D512-43FF-A168-EE0BF698E7E4}.Debug|TwinCAT RT (x64).ActiveCfg = Debug|TwinCAT RT (x64)
		{E3D5D5FF-D512-43FF-A168-EE0BF698E7E4}.Debug|TwinCAT RT (x64).Build.0 = Debug|TwinCAT RT (x64)
		{E3D5D5FF-D512-43FF-A168-EE0BF698E7E4}.Debug|TwinCAT RT (x86).ActiveCfg = Debug|TwinCAT RT (x86)
		{E3D5D5FF-D512-43FF-A168-EE0BF698E7E4}.Debug|TwinCAT RT (x86).Build.0 = Debug|TwinCAT RT (x86)
		{E3D5D5FF-D512-43FF-A168-EE0BF698E7E4}.Release|Any CPU.ActiveCfg = Release|TwinCAT RT (x86)
		{E3D5D5FF-D512-43FF-A168-EE0BF698E7E4}.Release|TwinCAT CE7 (ARMV7).ActiveCfg = Release|TwinCAT CE7 (ARMV7)
		{E3D5D5FF-D512-43FF-A168-EE0BF698E7E4}.Release|TwinCAT CE7 (ARMV7).Build.0 = Release|TwinCAT CE7 (ARMV7)
		{E3D5D5FF-D512-43FF-A168-EE0BF698E7E4}.Release|TwinCAT HMI.ActiveCfg = Release|TwinCAT RT (x86)
		{E3D5D5FF-D512-43FF-A168-EE0BF698E7E4}.Release|TwinCAT OS (ARMT2).ActiveCfg = Release|TwinCAT OS (ARMT2)
		{E3D5D5FF-D512-43FF-A168-EE0BF698E7E4}.Release|TwinCAT OS (ARMT2).Build.0 = Release|TwinCAT OS (ARMT2)
		{E3D5D5FF-D512-43FF-A168-EE0BF698E7E4}.Release|TwinCAT RT (x64).ActiveCfg = Release|TwinCAT RT (x64)
		{E3D5D5FF-D512-43FF-A168-EE0BF698E7E4}.Release|TwinCAT RT (x64).Build.0 = Release|TwinCAT RT (x64)
		{E3D5D5FF-D512-43FF-A168-EE0BF698E7E4}.Release|TwinCAT RT (x86).ActiveCfg = Release|TwinCAT RT (x86)
		{E3D5D5FF-D512-43FF-A168-EE0BF698E7E4}.Release|TwinCAT RT (x86).Build.0 = Release|TwinCAT RT (x86)
		{EFC76831-9A75-433D-BFA2-2A97025E4DBC}.Debug|Any CPU.ActiveCfg = Debug|TwinCAT HMI
		{EFC76831-9A75-433D-BFA2-2A97025E4DBC}.Debug|TwinCAT CE7 (ARMV7).ActiveCfg = Debug|TwinCAT HMI
		{EFC76831-9A75-433D-BFA2-2A97025E4DBC}.Debug|TwinCAT HMI.ActiveCfg = Debug|TwinCAT HMI
		{EFC76831-9A75-433D-BFA2-2A97025E4DBC}.Debug|TwinCAT HMI.Build.0 = Debug|TwinCAT HMI
		{EFC76831-9A75-433D-BFA2-2A97025E4DBC}.Debug|TwinCAT OS (ARMT2).ActiveCfg = Debug|TwinCAT HMI
		{EFC76831-9A75-433D-BFA2-2A97025E4DBC}.Debug|TwinCAT RT (x64).ActiveCfg = Debug|TwinCAT HMI
		{EFC76831-9A75-433D-BFA2-2A97025E4DBC}.Debug|TwinCAT RT (x86).ActiveCfg = Debug|TwinCAT HMI
		{EFC76831-9A75-433D-BFA2-2A97025E4DBC}.Release|Any CPU.ActiveCfg = Release|TwinCAT HMI
		{EFC76831-9A75-433D-BFA2-2A97025E4DBC}.Release|TwinCAT CE7 (ARMV7).ActiveCfg = Release|TwinCAT HMI
		{EFC76831-9A75-433D-BFA2-2A97025E4DBC}.Release|TwinCAT HMI.ActiveCfg = Release|TwinCAT HMI
		{EFC76831-9A75-433D-BFA2-2A97025E4DBC}.Release|TwinCAT HMI.Build.0 = Release|TwinCAT HMI
		{EFC76831-9A75-433D-BFA2-2A97025E4DBC}.Release|TwinCAT OS (ARMT2).ActiveCfg = Release|TwinCAT HMI
		{EFC76831-9A75-433D-BFA2-2A97025E4DBC}.Release|TwinCAT RT (x64).ActiveCfg = Release|TwinCAT HMI
		{EFC76831-9A75-433D-BFA2-2A97025E4DBC}.Release|TwinCAT RT (x86).ActiveCfg = Release|TwinCAT HMI
		{51EB9A9B-50D2-48A0-9F9D-B42980E94ABE}.Debug|Any CPU.ActiveCfg = Debug|Any CPU
		{51EB9A9B-50D2-48A0-9F9D-B42980E94ABE}.Debug|Any CPU.Build.0 = Debug|Any CPU
		{51EB9A9B-50D2-48A0-9F9D-B42980E94ABE}.Debug|TwinCAT CE7 (ARMV7).ActiveCfg = Debug|Any CPU
		{51EB9A9B-50D2-48A0-9F9D-B42980E94ABE}.Debug|TwinCAT CE7 (ARMV7).Build.0 = Debug|Any CPU
		{51EB9A9B-50D2-48A0-9F9D-B42980E94ABE}.Debug|TwinCAT HMI.ActiveCfg = Debug|Any CPU
		{51EB9A9B-50D2-48A0-9F9D-B42980E94ABE}.Debug|TwinCAT HMI.Build.0 = Debug|Any CPU
		{51EB9A9B-50D2-48A0-9F9D-B42980E94ABE}.Debug|TwinCAT OS (ARMT2).ActiveCfg = Debug|Any CPU
		{51EB9A9B-50D2-48A0-9F9D-B42980E94ABE}.Debug|TwinCAT OS (ARMT2).Build.0 = Debug|Any CPU
		{51EB9A9B-50D2-48A0-9F9D-B42980E94ABE}.Debug|TwinCAT RT (x64).ActiveCfg = Debug|Any CPU
		{51EB9A9B-50D2-48A0-9F9D-B42980E94ABE}.Debug|TwinCAT RT (x64).Build.0 = Debug|Any CPU
		{51EB9A9B-50D2-48A0-9F9D-B42980E94ABE}.Debug|TwinCAT RT (x86).ActiveCfg = Debug|Any CPU
		{51EB9A9B-50D2-48A0-9F9D-B42980E94ABE}.Debug|TwinCAT RT (x86).Build.0 = Debug|Any CPU
		{51EB9A9B-50D2-48A0-9F9D-B42980E94ABE}.Release|Any CPU.ActiveCfg = Release|Any CPU
		{51EB9A9B-50D2-48A0-9F9D-B42980E94ABE}.Release|Any CPU.Build.0 = Release|Any CPU
		{51EB9A9B-50D2-48A0-9F9D-B42980E94ABE}.Release|TwinCAT CE7 (ARMV7).ActiveCfg = Release|Any CPU
		{51EB9A9B-50D2-48A0-9F9D-B42980E94ABE}.Release|TwinCAT CE7 (ARMV7).Build.0 = Release|Any CPU
		{51EB9A9B-50D2-48A0-9F9D-B42980E94ABE}.Release|TwinCAT HMI.ActiveCfg = Release|Any CPU
		{51EB9A9B-50D2-48A0-9F9D-B42980E94ABE}.Release|TwinCAT HMI.Build.0 = Release|Any CPU
		{51EB9A9B-50D2-48A0-9F9D-B42980E94ABE}.Release|TwinCAT OS (ARMT2).ActiveCfg = Release|Any CPU
		{51EB9A9B-50D2-48A0-9F9D-B42980E94ABE}.Release|TwinCAT OS (ARMT2).Build.0 = Release|Any CPU
		{51EB9A9B-50D2-48A0-9F9D-B42980E94ABE}.Release|TwinCAT RT (x64).ActiveCfg = Release|Any CPU
		{51EB9A9B-50D2-48A0-9F9D-B42980E94ABE}.Release|TwinCAT RT (x64).Build.0 = Release|Any CPU
		{51EB9A9B-50D2-48A0-9F9D-B42980E94ABE}.Release|TwinCAT RT (x86).ActiveCfg = Release|Any CPU
		{51EB9A9B-50D2-48A0-9F9D-B42980E94ABE}.Release|TwinCAT RT (x86).Build.0 = Release|Any CPU
		{F56C1919-0FC2-460E-98F7-A1619139A6E4}.Debug|Any CPU.ActiveCfg = Debug|Any CPU
		{F56C1919-0FC2-460E-98F7-A1619139A6E4}.Debug|Any CPU.Build.0 = Debug|Any CPU
		{F56C1919-0FC2-460E-98F7-A1619139A6E4}.Debug|TwinCAT CE7 (ARMV7).ActiveCfg = Debug|Any CPU
		{F56C1919-0FC2-460E-98F7-A1619139A6E4}.Debug|TwinCAT CE7 (ARMV7).Build.0 = Debug|Any CPU
		{F56C1919-0FC2-460E-98F7-A1619139A6E4}.Debug|TwinCAT HMI.ActiveCfg = Debug|Any CPU
		{F56C1919-0FC2-460E-98F7-A1619139A6E4}.Debug|TwinCAT HMI.Build.0 = Debug|Any CPU
		{F56C1919-0FC2-460E-98F7-A1619139A6E4}.Debug|TwinCAT OS (ARMT2).ActiveCfg = Debug|Any CPU
		{F56C1919-0FC2-460E-98F7-A1619139A6E4}.Debug|TwinCAT OS (ARMT2).Build.0 = Debug|Any CPU
		{F56C1919-0FC2-460E-98F7-A1619139A6E4}.Debug|TwinCAT RT (x64).ActiveCfg = Debug|Any CPU
		{F56C1919-0FC2-460E-98F7-A1619139A6E4}.Debug|TwinCAT RT (x64).Build.0 = Debug|Any CPU
		{F56C1919-0FC2-460E-98F7-A1619139A6E4}.Debug|TwinCAT RT (x86).ActiveCfg = Debug|Any CPU
		{F56C1919-0FC2-460E-98F7-A1619139A6E4}.Debug|TwinCAT RT (x86).Build.0 = Debug|Any CPU
		{F56C1919-0FC2-460E-98F7-A1619139A6E4}.Release|Any CPU.ActiveCfg = Release|Any CPU
		{F56C1919-0FC2-460E-98F7-A1619139A6E4}.Release|Any CPU.Build.0 = Release|Any CPU
		{F56C1919-0FC2-460E-98F7-A1619139A6E4}.Release|TwinCAT CE7 (ARMV7).ActiveCfg = Release|Any CPU
		{F56C1919-0FC2-460E-98F7-A1619139A6E4}.Release|TwinCAT CE7 (ARMV7).Build.0 = Release|Any CPU
		{F56C1919-0FC2-460E-98F7-A1619139A6E4}.Release|TwinCAT HMI.ActiveCfg = Release|Any CPU
		{F56C1919-0FC2-460E-98F7-A1619139A6E4}.Release|TwinCAT HMI.Build.0 = Release|Any CPU
		{F56C1919-0FC2-460E-98F7-A1619139A6E4}.Release|TwinCAT OS (ARMT2).ActiveCfg = Release|Any CPU
		{F56C1919-0FC2-460E-98F7-A1619139A6E4}.Release|TwinCAT OS (ARMT2).Build.0 = Release|Any CPU
		{F56C1919-0FC2-460E-98F7-A1619139A6E4}.Release|TwinCAT RT (x64).ActiveCfg = Release|Any CPU
		{F56C1919-0FC2-460E-98F7-A1619139A6E4}.Release|TwinCAT RT (x64).Build.0 = Release|Any CPU
		{F56C1919-0FC2-460E-98F7-A1619139A6E4}.Release|TwinCAT RT (x86).ActiveCfg = Release|Any CPU
		{F56C1919-0FC2-460E-98F7-A1619139A6E4}.Release|TwinCAT RT (x86).Build.0 = Release|Any CPU
		{47087EA3-D6F2-43E2-B19E-CF27BE64982F}.Debug|Any CPU.ActiveCfg = Debug|TwinCAT RT (x86)
		{47087EA3-D6F2-43E2-B19E-CF27BE64982F}.Debug|TwinCAT CE7 (ARMV7).ActiveCfg = Debug|TwinCAT CE7 (ARMV7)
		{47087EA3-D6F2-43E2-B19E-CF27BE64982F}.Debug|TwinCAT CE7 (ARMV7).Build.0 = Debug|TwinCAT CE7 (ARMV7)
		{47087EA3-D6F2-43E2-B19E-CF27BE64982F}.Debug|TwinCAT HMI.ActiveCfg = Debug|TwinCAT RT (x86)
		{47087EA3-D6F2-43E2-B19E-CF27BE64982F}.Debug|TwinCAT OS (ARMT2).ActiveCfg = Debug|TwinCAT OS (ARMT2)
		{47087EA3-D6F2-43E2-B19E-CF27BE64982F}.Debug|TwinCAT OS (ARMT2).Build.0 = Debug|TwinCAT OS (ARMT2)
		{47087EA3-D6F2-43E2-B19E-CF27BE64982F}.Debug|TwinCAT RT (x64).ActiveCfg = Debug|TwinCAT RT (x64)
		{47087EA3-D6F2-43E2-B19E-CF27BE64982F}.Debug|TwinCAT RT (x64).Build.0 = Debug|TwinCAT RT (x64)
		{47087EA3-D6F2-43E2-B19E-CF27BE64982F}.Debug|TwinCAT RT (x86).ActiveCfg = Debug|TwinCAT RT (x86)
		{47087EA3-D6F2-43E2-B19E-CF27BE64982F}.Debug|TwinCAT RT (x86).Build.0 = Debug|TwinCAT RT (x86)
		{47087EA3-D6F2-43E2-B19E-CF27BE64982F}.Release|Any CPU.ActiveCfg = Release|TwinCAT RT (x86)
		{47087EA3-D6F2-43E2-B19E-CF27BE64982F}.Release|TwinCAT CE7 (ARMV7).ActiveCfg = Release|TwinCAT CE7 (ARMV7)
		{47087EA3-D6F2-43E2-B19E-CF27BE64982F}.Release|TwinCAT CE7 (ARMV7).Build.0 = Release|TwinCAT CE7 (ARMV7)
		{47087EA3-D6F2-43E2-B19E-CF27BE64982F}.Release|TwinCAT HMI.ActiveCfg = Release|TwinCAT RT (x86)
		{47087EA3-D6F2-43E2-B19E-CF27BE64982F}.Release|TwinCAT OS (ARMT2).ActiveCfg = Release|TwinCAT OS (ARMT2)
		{47087EA3-D6F2-43E2-B19E-CF27BE64982F}.Release|TwinCAT OS (ARMT2).Build.0 = Release|TwinCAT OS (ARMT2)
		{47087EA3-D6F2-43E2-B19E-CF27BE64982F}.Release|TwinCAT RT (x64).ActiveCfg = Release|TwinCAT RT (x64)
		{47087EA3-D6F2-43E2-B19E-CF27BE64982F}.Release|TwinCAT RT (x64).Build.0 = Release|TwinCAT RT (x64)
		{47087EA3-D6F2-43E2-B19E-CF27BE64982F}.Release|TwinCAT RT (x86).ActiveCfg = Release|TwinCAT RT (x86)
		{47087EA3-D6F2-43E2-B19E-CF27BE64982F}.Release|TwinCAT RT (x86).Build.0 = Release|TwinCAT RT (x86)
	EndGlobalSection
	GlobalSection(SolutionProperties) = preSolution
		HideSolutionNode = FALSE
	EndGlobalSection
	GlobalSection(ExtensibilityGlobals) = postSolution
		SolutionGuid = {00E08D36-D181-4726-BF4C-C7A00115ED35}
	EndGlobalSection
EndGlobal
